
Microsoft Visual Studio Solution File, Format Version 12.00
# Visual Studio Version 16
VisualStudioVersion = 16.0.29519.181
MinimumVisualStudioVersion = 10.0.40219.1
Project("{FAE04EC0-301F-11D3-BF4B-00C04F79EFBC}") = "backendMargarita", "backendMargarita\backendMargarita.csproj", "{FB17D56E-C308-4155-AC54-D9E33FF5ABB3}"
EndProject
Project("{FAE04EC0-301F-11D3-BF4B-00C04F79EFBC}") = "backendMargarita.Tests", "backendMargarita.Tests\backendMargarita.Tests.csproj", "{3DAC443A-BC18-42B0-AF6A-0BDEC3000DDC}"
EndProject
Global
	GlobalSection(SolutionConfigurationPlatforms) = preSolution
		Debug|Any CPU = Debug|Any CPU
		Release|Any CPU = Release|Any CPU
	EndGlobalSection
	GlobalSection(ProjectConfigurationPlatforms) = postSolution
		{FB17D56E-C308-4155-AC54-D9E33FF5ABB3}.Debug|Any CPU.ActiveCfg = Debug|Any CPU
		{FB17D56E-C308-4155-AC54-D9E33FF5ABB3}.Debug|Any CPU.Build.0 = Debug|Any CPU
		{FB17D56E-C308-4155-AC54-D9E33FF5ABB3}.Release|Any CPU.ActiveCfg = Release|Any CPU
		{FB17D56E-C308-4155-AC54-D9E33FF5ABB3}.Release|Any CPU.Build.0 = Release|Any CPU
		{3DAC443A-BC18-42B0-AF6A-0BDEC3000DDC}.Debug|Any CPU.ActiveCfg = Debug|Any CPU
		{3DAC443A-BC18-42B0-AF6A-0BDEC3000DDC}.Debug|Any CPU.Build.0 = Debug|Any CPU
		{3DAC443A-BC18-42B0-AF6A-0BDEC3000DDC}.Release|Any CPU.ActiveCfg = Release|Any CPU
		{3DAC443A-BC18-42B0-AF6A-0BDEC3000DDC}.Release|Any CPU.Build.0 = Release|Any CPU
	EndGlobalSection
	GlobalSection(SolutionProperties) = preSolution
		HideSolutionNode = FALSE
	EndGlobalSection
	GlobalSection(ExtensibilityGlobals) = postSolution
		SolutionGuid = {33C85399-F4CC-4946-83D1-C9D6125B6826}
	EndGlobalSection
EndGlobal
